
Microsoft Visual Studio Solution File, Format Version 12.00
# Visual Studio Version 16
VisualStudioVersion = 16.0.30804.86
MinimumVisualStudioVersion = 10.0.40219.1
Project("{9A19103F-16F7-4668-BE54-9A1E7A4F7556}") = "EtherHunter", "EtherHunter.csproj", "{058D8F7A-020D-4A81-BA5B-4DBD465534D5}"
EndProject
Global
	GlobalSection(SolutionConfigurationPlatforms) = preSolution
		Debug|Any CPU = Debug|Any CPU
		Release|Any CPU = Release|Any CPU
	EndGlobalSection
	GlobalSection(ProjectConfigurationPlatforms) = postSolution
		{058D8F7A-020D-4A81-BA5B-4DBD465534D5}.Debug|Any CPU.ActiveCfg = Debug|Any CPU
		{058D8F7A-020D-4A81-BA5B-4DBD465534D5}.Debug|Any CPU.Build.0 = Debug|Any CPU
		{058D8F7A-020D-4A81-BA5B-4DBD465534D5}.Release|Any CPU.ActiveCfg = Release|Any CPU
		{058D8F7A-020D-4A81-BA5B-4DBD465534D5}.Release|Any CPU.Build.0 = Release|Any CPU
	EndGlobalSection
	GlobalSection(SolutionProperties) = preSolution
		HideSolutionNode = FALSE
	EndGlobalSection
	GlobalSection(ExtensibilityGlobals) = postSolution
		SolutionGuid = {93D60EC8-8FDA-43A3-8A75-0242B4C16EBA}
	EndGlobalSection
EndGlobal
